# THIS IS AN AUTOGENERATED FILE. DO NOT EDIT THIS FILE DIRECTLY.
# yarn lockfile v1


"@xterm/addon-web-links@^0.12.0":
  version "0.12.0"
  resolved "https://registry.yarnpkg.com/@xterm/addon-web-links/-/addon-web-links-0.12.0.tgz#bc34ae46f4c12012256d451ac2b9be791c0b6bfa"
  integrity sha512-4Smom3RPyVp7ZMYOYDoC/9eGJJJqYhnPLGGqJ6wOBfB8VxPViJNSKdgRYb8NpaM6YSelEKbA2SStD7lGyqaobw==

untildify@^4:
  version "4.0.0"
  resolved "https://registry.yarnpkg.com/untildify/-/untildify-4.0.0.tgz#2bc947b953652487e4600949fb091e3ae8cd919b"
  integrity sha512-KK8xQ1mkzZeg9inewmFVDNkg3l5LUhoq9kN6iWYB/CC9YMG8HA+c1Q8HwDe6dEX7kErrEVNVBO3fWsVq5iDgtw==
