# THIS IS AN AUTOGENERATED FILE. DO NOT EDIT THIS FILE DIRECTLY.
# yarn lockfile v1


"@types/deep-equal@1.0.1":
  version "1.0.1"
  resolved "https://registry.yarnpkg.com/@types/deep-equal/-/deep-equal-1.0.1.tgz#71cfabb247c22bcc16d536111f50c0ed12476b03"
  integrity sha512-mMUu4nWHLBlHtxXY17Fg6+ucS/MnndyOWyOe7MmwkoMYxvfQU2ajtRaEvqSUv+aVkMqH/C0NCI8UoVfRNQ10yg==

"@types/node@12.0.10":
  version "12.0.10"
  resolved "https://registry.yarnpkg.com/@types/node/-/node-12.0.10.tgz#51babf9c7deadd5343620055fc8aff7995c8b031"
  integrity sha512-LcsGbPomWsad6wmMNv7nBLw7YYYyfdYcz6xryKYQhx89c3XXan+8Q6AJ43G5XDIaklaVkK3mE4fCb0SBvMiPSQ==

"@types/webpack-env@1.13.9":
  version "1.13.9"
  resolved "https://registry.yarnpkg.com/@types/webpack-env/-/webpack-env-1.13.9.tgz#a67287861c928ebf4159a908d1fb1a2a34d4097a"
  integrity sha512-p8zp5xqkly3g4cCmo2mKOHI9+Z/kObmDj0BmjbDDJQlgDTiEGTbm17MEwTAusV6XceCy+bNw9q/ZHXHyKo3zkg==

ngx-pipes@^1.6.1:
  version "1.6.6"
  resolved "https://registry.yarnpkg.com/ngx-pipes/-/ngx-pipes-1.6.6.tgz#32bb80906c220f1e84d5cce7d6dae002cffead4b"
  integrity sha512-mRV0xOZDd6/Jlvti4W0pDepZRIHLHd3kZ6ZzdqyGCU0dxbKVWWLTR1jlNlxN1ruMk8eO0Y8lNh6a1bEW7dJP1w==
