# THIS IS AN AUTOGENERATED FILE. DO NOT EDIT THIS FILE DIRECTLY.
# yarn lockfile v1


"@types/node@*":
  version "9.3.0"
  resolved "https://registry.yarnpkg.com/@types/node/-/node-9.3.0.tgz#3a129cda7c4e5df2409702626892cb4b96546dd5"
  integrity sha512-wNBfvNjzsJl4tswIZKXCFQY0lss9nKUyJnG6T94X/eqjRgI2jHZ4evdjhQYBSan/vGtF6XVXPApOmNH2rf0KKw==

"@types/ssh2-streams@*":
  version "0.1.2"
  resolved "https://registry.yarnpkg.com/@types/ssh2-streams/-/ssh2-streams-0.1.2.tgz#7aa18b8c2450f17699e9ea18a76efc838188d58d"
  integrity sha1-eqGLjCRQ8XaZ6eoYp278g4GI1Y0=
  dependencies:
    "@types/node" "*"

"@types/ssh2@^0.5.35":
  version "0.5.38"
  resolved "https://registry.yarnpkg.com/@types/ssh2/-/ssh2-0.5.38.tgz#71f7c8f1d0636663158561af103c385ad439c7bc"
  integrity sha512-rMnCnd0VIEUpCD1O5V50L1I8asHMBHZUYBnG6wlim1SdUrKUn60yiNpW5BnnT6QkTExaUXVrM8N883ZPPEPtsg==
  dependencies:
    "@types/node" "*"
    "@types/ssh2-streams" "*"

asn1@~0.2.0:
  version "0.2.4"
  resolved "https://registry.yarnpkg.com/asn1/-/asn1-0.2.4.tgz#8d2475dfab553bb33e77b54e59e880bb8ce23136"
  integrity sha512-jxwzQpLQjSmWXgwaCZE9Nz+glAG01yF1QnWgbhGwHI5A6FRIEY6IVqtHhIepHqI7/kyEyQEagBC5mBEFlIYvdg==
  dependencies:
    safer-buffer "~2.1.0"

bcrypt-pbkdf@^1.0.2:
  version "1.0.2"
  resolved "https://registry.yarnpkg.com/bcrypt-pbkdf/-/bcrypt-pbkdf-1.0.2.tgz#a4301d389b6a43f9b67ff3ca11a3f6637e360e9e"
  integrity sha1-pDAdOJtqQ/m2f/PKEaP2Y342Dp4=
  dependencies:
    tweetnacl "^0.14.3"

nan@^2.13.2:
  version "2.14.0"
  resolved "https://registry.yarnpkg.com/nan/-/nan-2.14.0.tgz#7818f722027b2459a86f0295d434d1fc2336c52c"
  integrity sha512-INOFj37C7k3AfaNTtX8RhsTw7qRy7eLET14cROi9+5HAVbbHuIWUHEauBv5qT4Av2tWasiTY1Jw6puUNqRJXQg==

safer-buffer@~2.1.0:
  version "2.1.2"
  resolved "https://registry.yarnpkg.com/safer-buffer/-/safer-buffer-2.1.2.tgz#44fa161b0187b9549dd84bb91802f9bd8385cd6a"
  integrity sha512-YZo3K82SD7Riyi0E1EQPojLz7kpepnSQI9IyPbHHg1XXXevb5dJI7tpyN2ADxGcQbHG7vcyRHk0cbwqcQriUtg==

ssh2-streams@^0.4.2, ssh2-streams@~0.4.4:
  version "0.4.4"
  resolved "https://registry.yarnpkg.com/ssh2-streams/-/ssh2-streams-0.4.4.tgz#7f07464c4b19ee93324995ec7164f110c5a13658"
  integrity sha512-yNfPZgJO/N69TvYkpDHZBkXAXQzTpfzRkOphQu3PeUpZnrjp9VNa8RKDZkZDpjsWItay+I4NMAbZZ7DqHRt0AQ==
  dependencies:
    asn1 "~0.2.0"
    bcrypt-pbkdf "^1.0.2"
    streamsearch "~0.1.2"

ssh2@^0.8.2:
  version "0.8.5"
  resolved "https://registry.yarnpkg.com/ssh2/-/ssh2-0.8.5.tgz#9144cdd6c104aa81b2b16ce647c109f4bd138b57"
  integrity sha512-TkvzxSYYUSQ8jb//HbHnJVui4fVEW7yu/zwBxwro/QaK2EGYtwB+8gdEChwHHuj142c5+250poMC74aJiwApPw==
  dependencies:
    ssh2-streams "~0.4.4"

streamsearch@~0.1.2:
  version "0.1.2"
  resolved "https://registry.yarnpkg.com/streamsearch/-/streamsearch-0.1.2.tgz#808b9d0e56fc273d809ba57338e929919a1a9f1a"
  integrity sha1-gIudDlb8Jz2Am6VzOOkpkZoanxo=

tweetnacl@^0.14.3:
  version "0.14.5"
  resolved "https://registry.yarnpkg.com/tweetnacl/-/tweetnacl-0.14.5.tgz#5ae68177f192d4456269d108afa93ff8743f4f64"
  integrity sha1-WuaBd/GS1EViadEIr6k/+HQ/T2Q=

windows-process-tree@^0.2.4:
  version "0.2.4"
  resolved "https://registry.yarnpkg.com/windows-process-tree/-/windows-process-tree-0.2.4.tgz#747af587b54cc6c996f2be0836cc8a8fd0dc038f"
  integrity sha512-9gag9AHm3Iin/4YC1EwoIfZlqW/rG2eV7rJZ4Fy5NnAMGdewmnwsie5Rz+CJo2vSolqzzfw7hPeu3oOdniNejg==
  dependencies:
    nan "^2.13.2"
