# THIS IS AN AUTOGENERATED FILE. DO NOT EDIT THIS FILE DIRECTLY.
# yarn lockfile v1


"@lit-labs/ssr-dom-shim@^1.0.0", "@lit-labs/ssr-dom-shim@^1.1.0":
  version "1.1.1"
  resolved "https://registry.yarnpkg.com/@lit-labs/ssr-dom-shim/-/ssr-dom-shim-1.1.1.tgz#64df34e2f12e68e78ac57e571d25ec07fa460ca9"
  integrity sha512-kXOeFbfCm4fFf2A3WwVEeQj55tMZa8c8/f9AKHMobQMkzNUfUj+antR3fRPaZJawsa1aZiP/Da3ndpZrwEe4rQ==

"@lit/reactive-element@^1.3.0", "@lit/reactive-element@^1.6.0":
  version "1.6.2"
  resolved "https://registry.yarnpkg.com/@lit/reactive-element/-/reactive-element-1.6.2.tgz#c256690f82f2d7d0ffb0b1cdf68dcb1ec86cea28"
  integrity sha512-rDfl+QnCYjuIGf5xI2sVJWdYIi56CTCwWa+nidKYX6oIuBYwUbT/vX4qbUDlHiZKJ/3FRNQ/tWJui44p6/stSA==
  dependencies:
    "@lit-labs/ssr-dom-shim" "^1.0.0"

"@open-wc/dedupe-mixin@^1.3.0":
  version "1.4.0"
  resolved "https://registry.yarnpkg.com/@open-wc/dedupe-mixin/-/dedupe-mixin-1.4.0.tgz#b3c58f8699b197bb5e923d624c720e67c9f324d6"
  integrity sha512-Sj7gKl1TLcDbF7B6KUhtvr+1UCxdhMbNY5KxdU5IfMFWqL8oy1ZeAcCANjoB1TL0AJTcPmcCFsCbHf8X2jGDUA==

"@polymer/iron-flex-layout@^3.0.0-pre.26":
  version "3.0.1"
  resolved "https://registry.yarnpkg.com/@polymer/iron-flex-layout/-/iron-flex-layout-3.0.1.tgz#36f9e1a8eb792d279b2bc75d362628721ad37f0c"
  integrity sha512-7gB869czArF+HZcPTVSgvA7tXYFze9EKckvM95NB7SqYF+NnsQyhoXgKnpFwGyo95lUjUW9TFDLUwDXnCYFtkw==
  dependencies:
    "@polymer/polymer" "^3.0.0"

"@polymer/iron-icon@^3.0.0":
  version "3.0.1"
  resolved "https://registry.yarnpkg.com/@polymer/iron-icon/-/iron-icon-3.0.1.tgz#93211c39d8825fe4965a68419566036c1df291eb"
  integrity sha512-QLPwirk+UPZNaLnMew9VludXA4CWUCenRewgEcGYwdzVgDPCDbXxy6vRJjmweZobMQv/oVLppT2JZtJFnPxX6g==
  dependencies:
    "@polymer/iron-flex-layout" "^3.0.0-pre.26"
    "@polymer/iron-meta" "^3.0.0-pre.26"
    "@polymer/polymer" "^3.0.0"

"@polymer/iron-iconset-svg@^3.0.0":
  version "3.0.1"
  resolved "https://registry.yarnpkg.com/@polymer/iron-iconset-svg/-/iron-iconset-svg-3.0.1.tgz#568d6e7dbc120299dae63be3600aeba0d30ddbea"
  integrity sha512-XNwURbNHRw6u2fJe05O5fMYye6GSgDlDqCO+q6K1zAnKIrpgZwf2vTkBd5uCcZwsN0FyCB3mvNZx4jkh85dRDw==
  dependencies:
    "@polymer/iron-meta" "^3.0.0-pre.26"
    "@polymer/polymer" "^3.0.0"

"@polymer/iron-meta@^3.0.0-pre.26":
  version "3.0.1"
  resolved "https://registry.yarnpkg.com/@polymer/iron-meta/-/iron-meta-3.0.1.tgz#7f140628d127b0a284f882f1bb323a261bc125f5"
  integrity sha512-pWguPugiLYmWFV9UWxLWzZ6gm4wBwQdDy4VULKwdHCqR7OP7u98h+XDdGZsSlDPv6qoryV/e3tGHlTIT0mbzJA==
  dependencies:
    "@polymer/polymer" "^3.0.0"

"@polymer/polymer@^3.0.0":
  version "3.4.1"
  resolved "https://registry.yarnpkg.com/@polymer/polymer/-/polymer-3.4.1.tgz#333bef25711f8411bb5624fb3eba8212ef8bee96"
  integrity sha512-KPWnhDZibtqKrUz7enIPOiO4ZQoJNOuLwqrhV2MXzIt3VVnUVJVG5ORz4Z2sgO+UZ+/UZnPD0jqY+jmw/+a9mQ==
  dependencies:
    "@webcomponents/shadycss" "^1.9.1"

"@types/trusted-types@^2.0.2":
  version "2.0.3"
  resolved "https://registry.yarnpkg.com/@types/trusted-types/-/trusted-types-2.0.3.tgz#a136f83b0758698df454e328759dbd3d44555311"
  integrity sha512-NfQ4gyz38SL8sDNrSixxU2Os1a5xcdFxipAFxYEuLUlvU2uDwS4NUpsImcf1//SlWItCVMMLiylsxbmNMToV/g==

"@vaadin/component-base@~23.3.17":
  version "23.3.17"
  resolved "https://registry.yarnpkg.com/@vaadin/component-base/-/component-base-23.3.17.tgz#e5848a2294a055ac6c5e2ade4b34fb6066b68837"
  integrity sha512-b7foyp8KbF8XpqZrahc1kfl9BH1XSGqeDrvQMDvLJpklCp7XcILsn95p8bjZW4vIM0vfL68EKoKKl958GOoVDQ==
  dependencies:
    "@open-wc/dedupe-mixin" "^1.3.0"
    "@polymer/polymer" "^3.0.0"
    "@vaadin/vaadin-development-mode-detector" "^2.0.0"
    "@vaadin/vaadin-usage-statistics" "^2.1.0"
    lit "^2.0.0"

"@vaadin/context-menu@~23.3.17":
  version "23.3.17"
  resolved "https://registry.yarnpkg.com/@vaadin/context-menu/-/context-menu-23.3.17.tgz#717dffe89743c1b867d9047ceb0bc30dd642de49"
  integrity sha512-+ESijv5S8qV7NUS1t0DFcKfBlRbkbVOFyzFh8VLOgrraLsHS3z4m0uUsa7JSQ6F6WjQkEeUmT+gfy2VkEXEW/w==
  dependencies:
    "@open-wc/dedupe-mixin" "^1.3.0"
    "@polymer/polymer" "^3.0.0"
    "@vaadin/component-base" "~23.3.17"
    "@vaadin/item" "~23.3.17"
    "@vaadin/list-box" "~23.3.17"
    "@vaadin/lit-renderer" "~23.3.17"
    "@vaadin/overlay" "~23.3.17"
    "@vaadin/vaadin-lumo-styles" "~23.3.17"
    "@vaadin/vaadin-material-styles" "~23.3.17"
    "@vaadin/vaadin-themable-mixin" "~23.3.17"

"@vaadin/icon@~23.3.17":
  version "23.3.17"
  resolved "https://registry.yarnpkg.com/@vaadin/icon/-/icon-23.3.17.tgz#a2379e0256e8bfcc19bb69f8430df234aefaee40"
  integrity sha512-yz7gzR2BBvbyn2fgxJSP1LUkOQBxJQVLw1dUnbL2NXtB1KVKOON62DVJsnVys/ceSRSeWoW8v2WzL1oeclRJYw==
  dependencies:
    "@polymer/polymer" "^3.0.0"
    "@vaadin/component-base" "~23.3.17"
    "@vaadin/vaadin-lumo-styles" "~23.3.17"
    "@vaadin/vaadin-themable-mixin" "~23.3.17"
    lit "^2.0.0"

"@vaadin/item@~23.3.17":
  version "23.3.17"
  resolved "https://registry.yarnpkg.com/@vaadin/item/-/item-23.3.17.tgz#44bea299487c1c99e75cda77990d030b18f1a7fd"
  integrity sha512-IIo2QiQpXIvYKvGrJis9YNU8sMAt4rNDXlHOfnOSyLGh8eOrcgDqDqy068k+35hq3DsZRmAbSbnD4mIeSxcHUw==
  dependencies:
    "@open-wc/dedupe-mixin" "^1.3.0"
    "@polymer/polymer" "^3.0.0"
    "@vaadin/component-base" "~23.3.17"
    "@vaadin/vaadin-lumo-styles" "~23.3.17"
    "@vaadin/vaadin-material-styles" "~23.3.17"
    "@vaadin/vaadin-themable-mixin" "~23.3.17"

"@vaadin/list-box@~23.3.17":
  version "23.3.17"
  resolved "https://registry.yarnpkg.com/@vaadin/list-box/-/list-box-23.3.17.tgz#7e74f39e62ad614286fabba189f78912f705a1c3"
  integrity sha512-tXm6GtVWYDjZ51gk38Dg+/9v14cfTiVOlyLBMu8W7lMB4v+Yeg4bJWjHvb5UsMwJ/a7btxshjfqeyICDOj21VA==
  dependencies:
    "@polymer/polymer" "^3.0.0"
    "@vaadin/component-base" "~23.3.17"
    "@vaadin/item" "~23.3.17"
    "@vaadin/vaadin-list-mixin" "~23.3.17"
    "@vaadin/vaadin-lumo-styles" "~23.3.17"
    "@vaadin/vaadin-material-styles" "~23.3.17"
    "@vaadin/vaadin-themable-mixin" "~23.3.17"

"@vaadin/lit-renderer@~23.3.17":
  version "23.3.17"
  resolved "https://registry.yarnpkg.com/@vaadin/lit-renderer/-/lit-renderer-23.3.17.tgz#d5c7685cbe2a297a07897064772b7e03660fa963"
  integrity sha512-axTaqfkLJen67rdbsMoHqIym/oP4Mv8IOzqUMoHFHNDgkEqE0j8ZQpJJxi5CZ6aof8FgJMfbx04UxW8ZmJXs6Q==
  dependencies:
    lit "^2.0.0"

"@vaadin/overlay@~23.3.17":
  version "23.3.17"
  resolved "https://registry.yarnpkg.com/@vaadin/overlay/-/overlay-23.3.17.tgz#08aa9a5af3cc4b324b8fb22fb0c3d61c0b483b98"
  integrity sha512-WYVdX2fx27911HS3NSI1jNBBAbJWRwAffVL5zHQsPKzvopIDYk0JelYyaczA1A3b8APpUsLqqKamhpLAs/HEfQ==
  dependencies:
    "@open-wc/dedupe-mixin" "^1.3.0"
    "@polymer/polymer" "^3.0.0"
    "@vaadin/component-base" "~23.3.17"
    "@vaadin/vaadin-lumo-styles" "~23.3.17"
    "@vaadin/vaadin-material-styles" "~23.3.17"
    "@vaadin/vaadin-themable-mixin" "~23.3.17"

"@vaadin/vaadin-context-menu@^23.3.17":
  version "23.3.17"
  resolved "https://registry.yarnpkg.com/@vaadin/vaadin-context-menu/-/vaadin-context-menu-23.3.17.tgz#76e01a0b98a06ed77f92767a941d2062f8e31c58"
  integrity sha512-ZgAmBWsWFUN8WhnUAq6KCpHf9iKbc8PomfAX8HiI68FFxlYLoR4rOiaZQaBvtDwmwUhQxm6WGoestS5UC5Risw==
  dependencies:
    "@vaadin/context-menu" "~23.3.17"

"@vaadin/vaadin-development-mode-detector@^2.0.0":
  version "2.0.4"
  resolved "https://registry.yarnpkg.com/@vaadin/vaadin-development-mode-detector/-/vaadin-development-mode-detector-2.0.4.tgz#f49c8009856bead92d248377c36b295b5aae78e5"
  integrity sha512-S+PaFrZpK8uBIOnIHxjntTrgumd5ztuCnZww96ydGKXgo9whXfZsbMwDuD/102a/IuPUMyF+dh/n3PbWzJ6igA==

"@vaadin/vaadin-list-mixin@~23.3.17":
  version "23.3.17"
  resolved "https://registry.yarnpkg.com/@vaadin/vaadin-list-mixin/-/vaadin-list-mixin-23.3.17.tgz#0ca76a8689ec5c7df85a336afb7f4125d2b05555"
  integrity sha512-42HN25knjhNVlzb2GLmliBaEKaQSXVGTlJt/1X3ST/5HAGeL+h6HZ09NPV4P31bvkdbwldaqnD1pl9NQKMndbQ==
  dependencies:
    "@open-wc/dedupe-mixin" "^1.3.0"
    "@polymer/polymer" "^3.0.0"
    "@vaadin/component-base" "~23.3.17"

"@vaadin/vaadin-lumo-styles@~23.3.17":
  version "23.3.17"
  resolved "https://registry.yarnpkg.com/@vaadin/vaadin-lumo-styles/-/vaadin-lumo-styles-23.3.17.tgz#c31bdb156101991dadc75d5bf662a43226352a92"
  integrity sha512-l8Hl9g1YvhCOCEQ5oBRLb+t3HcpDTKxvC1YifBF7uEVs9pm3rlWfSVKYMZCIPolFeiUR2IPQ/acdniNyDyFO+A==
  dependencies:
    "@polymer/iron-icon" "^3.0.0"
    "@polymer/iron-iconset-svg" "^3.0.0"
    "@polymer/polymer" "^3.0.0"
    "@vaadin/icon" "~23.3.17"
    "@vaadin/vaadin-themable-mixin" "~23.3.17"

"@vaadin/vaadin-material-styles@~23.3.17":
  version "23.3.17"
  resolved "https://registry.yarnpkg.com/@vaadin/vaadin-material-styles/-/vaadin-material-styles-23.3.17.tgz#e1a5940d9f6cf08a5da1fee6d6cf3fe69a2dc56e"
  integrity sha512-juVlhYBD2YiqqXEYvbLqirj1d8W7ZwLtidRkTvrepS4V8tNawEk6x4D5S2SlmmIroj8xm/rq6AkDk8zd6T0O2A==
  dependencies:
    "@polymer/polymer" "^3.0.0"
    "@vaadin/vaadin-themable-mixin" "~23.3.17"

"@vaadin/vaadin-themable-mixin@~23.3.17":
  version "23.3.17"
  resolved "https://registry.yarnpkg.com/@vaadin/vaadin-themable-mixin/-/vaadin-themable-mixin-23.3.17.tgz#f8151aa374cc433a03bb4cf152af69ac01686b2e"
  integrity sha512-d65+92kYBfbg757rS3Lp1g1mgNB/EsqN7HKVFLfohvZp2doa6H5X7g9sT5XYHsGgbioonjvFfA4CFU/RIIjaaA==
  dependencies:
    "@open-wc/dedupe-mixin" "^1.3.0"
    lit "^2.0.0"

"@vaadin/vaadin-usage-statistics@^2.1.0":
  version "2.1.0"
  resolved "https://registry.yarnpkg.com/@vaadin/vaadin-usage-statistics/-/vaadin-usage-statistics-2.1.0.tgz#9c0fd71dded80f401bcdfbcb3f45b5640fc4256d"
  integrity sha512-e81nbqY5zsaYhLJuOVkJkB/Um1pGK5POIqIlTNhUfjeoyGaJ63tiX8+D5n6F+GgVxUTLUarsKa6SKRcQel0AzA==
  dependencies:
    "@vaadin/vaadin-development-mode-detector" "^2.0.0"

"@webcomponents/shadycss@^1.9.1":
  version "1.10.2"
  resolved "https://registry.yarnpkg.com/@webcomponents/shadycss/-/shadycss-1.10.2.tgz#40e03cab6dc5e12f199949ba2b79e02f183d1e7b"
  integrity sha512-9Iseu8bRtecb0klvv+WXZOVZatsRkbaH7M97Z+f+Pt909R4lDfgUODAnra23DOZTpeMTAkVpf4m/FZztN7Ox1A==

bootstrap@^4.1.3:
  version "4.6.0"
  resolved "https://registry.yarnpkg.com/bootstrap/-/bootstrap-4.6.0.tgz#97b9f29ac98f98dfa43bf7468262d84392552fd7"
  integrity sha512-Io55IuQY3kydzHtbGvQya3H+KorS/M9rSNyfCGCg9WZ4pyT/lCxIlpJgG1GXW/PswzC84Tr2fBYi+7+jFVQQBw==

bowser@^2.11.0:
  version "2.11.0"
  resolved "https://registry.yarnpkg.com/bowser/-/bowser-2.11.0.tgz#5ca3c35757a7aa5771500c70a73a9f91ef420a8f"
  integrity sha512-AlcaJBi/pqqJBIQ8U9Mcpc9i8Aqxn88Skv5d+xBX006BY5u8N3mGLHa5Lgppa7L/HfwgwLgZ6NYs+Ag6uUmJRA==

copy-text-to-clipboard@^3.0.1:
  version "3.0.1"
  resolved "https://registry.yarnpkg.com/copy-text-to-clipboard/-/copy-text-to-clipboard-3.0.1.tgz#8cbf8f90e0a47f12e4a24743736265d157bce69c"
  integrity sha512-rvVsHrpFcL4F2P8ihsoLdFHmd404+CMg71S756oRSeQgqk51U3kicGdnvfkrxva0xXH92SjGS62B0XIJsbh+9Q==

lit-element@^3.3.0:
  version "3.3.2"
  resolved "https://registry.yarnpkg.com/lit-element/-/lit-element-3.3.2.tgz#9913bf220b85065f0e5f1bb8878cc44f36b50cfa"
  integrity sha512-xXAeVWKGr4/njq0rGC9dethMnYCq5hpKYrgQZYTzawt9YQhMiXfD+T1RgrdY3NamOxwq2aXlb0vOI6e29CKgVQ==
  dependencies:
    "@lit-labs/ssr-dom-shim" "^1.1.0"
    "@lit/reactive-element" "^1.3.0"
    lit-html "^2.7.0"

lit-html@^2.7.0:
  version "2.7.4"
  resolved "https://registry.yarnpkg.com/lit-html/-/lit-html-2.7.4.tgz#6d75001977c206683685b9d76594a516afda2954"
  integrity sha512-/Jw+FBpeEN+z8X6PJva5n7+0MzCVAH2yypN99qHYYkq8bI+j7I39GH+68Z/MZD6rGKDK9RpzBw7CocfmHfq6+g==
  dependencies:
    "@types/trusted-types" "^2.0.2"

lit@^2.0.0:
  version "2.7.5"
  resolved "https://registry.yarnpkg.com/lit/-/lit-2.7.5.tgz#60bc82990cfad169d42cd786999356dcf79b035f"
  integrity sha512-i/cH7Ye6nBDUASMnfwcictBnsTN91+aBjXoTHF2xARghXScKxpD4F4WYI+VLXg9lqbMinDfvoI7VnZXjyHgdfQ==
  dependencies:
    "@lit/reactive-element" "^1.6.0"
    lit-element "^3.3.0"
    lit-html "^2.7.0"
