# THIS IS AN AUTOGENERATED FILE. DO NOT EDIT THIS FILE DIRECTLY.
# yarn lockfile v1


"@lit/reactive-element@^1.0.0":
  version "1.0.2"
  resolved "https://registry.yarnpkg.com/@lit/reactive-element/-/reactive-element-1.0.2.tgz#daa7a7c7a6c63d735f0c9634de6b7dbd70a702ab"
  integrity sha512-oz3d3MKjQ2tXynQgyaQaMpGTDNyNDeBdo6dXf1AbjTwhA1IRINHmA7kSaVYv9ttKweNkEoNqp9DqteDdgWzPEg==

"@polymer/iron-flex-layout@^3.0.0-pre.26":
  version "3.0.1"
  resolved "https://registry.yarnpkg.com/@polymer/iron-flex-layout/-/iron-flex-layout-3.0.1.tgz#36f9e1a8eb792d279b2bc75d362628721ad37f0c"
  integrity sha512-7gB869czArF+HZcPTVSgvA7tXYFze9EKckvM95NB7SqYF+NnsQyhoXgKnpFwGyo95lUjUW9TFDLUwDXnCYFtkw==
  dependencies:
    "@polymer/polymer" "^3.0.0"

"@polymer/iron-icon@^3.0.0":
  version "3.0.1"
  resolved "https://registry.yarnpkg.com/@polymer/iron-icon/-/iron-icon-3.0.1.tgz#93211c39d8825fe4965a68419566036c1df291eb"
  integrity sha512-QLPwirk+UPZNaLnMew9VludXA4CWUCenRewgEcGYwdzVgDPCDbXxy6vRJjmweZobMQv/oVLppT2JZtJFnPxX6g==
  dependencies:
    "@polymer/iron-flex-layout" "^3.0.0-pre.26"
    "@polymer/iron-meta" "^3.0.0-pre.26"
    "@polymer/polymer" "^3.0.0"

"@polymer/iron-iconset-svg@^3.0.0":
  version "3.0.1"
  resolved "https://registry.yarnpkg.com/@polymer/iron-iconset-svg/-/iron-iconset-svg-3.0.1.tgz#568d6e7dbc120299dae63be3600aeba0d30ddbea"
  integrity sha512-XNwURbNHRw6u2fJe05O5fMYye6GSgDlDqCO+q6K1zAnKIrpgZwf2vTkBd5uCcZwsN0FyCB3mvNZx4jkh85dRDw==
  dependencies:
    "@polymer/iron-meta" "^3.0.0-pre.26"
    "@polymer/polymer" "^3.0.0"

"@polymer/iron-media-query@^3.0.0":
  version "3.0.1"
  resolved "https://registry.yarnpkg.com/@polymer/iron-media-query/-/iron-media-query-3.0.1.tgz#5cd8a1c1e8c9b8bafd3dd5da14e0f8d2cfa76d83"
  integrity sha512-czUX1pm1zfmfcZtq5J57XFkcobBv08Y50exp0/3v8Bos5VL/jv2tU0RwiTfDBxUMhjicGbgwEBFQPY2V5DMzyw==
  dependencies:
    "@polymer/polymer" "^3.0.0"

"@polymer/iron-meta@^3.0.0-pre.26":
  version "3.0.1"
  resolved "https://registry.yarnpkg.com/@polymer/iron-meta/-/iron-meta-3.0.1.tgz#7f140628d127b0a284f882f1bb323a261bc125f5"
  integrity sha512-pWguPugiLYmWFV9UWxLWzZ6gm4wBwQdDy4VULKwdHCqR7OP7u98h+XDdGZsSlDPv6qoryV/e3tGHlTIT0mbzJA==
  dependencies:
    "@polymer/polymer" "^3.0.0"

"@polymer/polymer@^3.0.0":
  version "3.4.1"
  resolved "https://registry.yarnpkg.com/@polymer/polymer/-/polymer-3.4.1.tgz#333bef25711f8411bb5624fb3eba8212ef8bee96"
  integrity sha512-KPWnhDZibtqKrUz7enIPOiO4ZQoJNOuLwqrhV2MXzIt3VVnUVJVG5ORz4Z2sgO+UZ+/UZnPD0jqY+jmw/+a9mQ==
  dependencies:
    "@webcomponents/shadycss" "^1.9.1"

"@types/trusted-types@^2.0.2":
  version "2.0.2"
  resolved "https://registry.yarnpkg.com/@types/trusted-types/-/trusted-types-2.0.2.tgz#fc25ad9943bcac11cceb8168db4f275e0e72e756"
  integrity sha512-F5DIZ36YVLE+PN+Zwws4kJogq47hNgX3Nx6WyDJ3kcplxyke3XIzB8uK5n/Lpm1HBsbGzd6nmGehL8cPekP+Tg==

"@vaadin/vaadin-context-menu@^21.0.4":
  version "21.0.4"
  resolved "https://registry.yarnpkg.com/@vaadin/vaadin-context-menu/-/vaadin-context-menu-21.0.4.tgz#9eba8b10667ddba840c0f1f40723b5df1df50817"
  integrity sha512-UAt5KNzzHepan6zjg07u+UJDTX8cLnXLIsu6TmSeCyu04z6iyJ9d9iT1S95g4I55GQzc+1oIL+NFyln3kftJBA==
  dependencies:
    "@polymer/iron-media-query" "^3.0.0"
    "@polymer/polymer" "^3.0.0"
    "@vaadin/vaadin-element-mixin" "^21.0.4"
    "@vaadin/vaadin-item" "^21.0.4"
    "@vaadin/vaadin-list-box" "^21.0.4"
    "@vaadin/vaadin-lumo-styles" "^21.0.4"
    "@vaadin/vaadin-material-styles" "^21.0.4"
    "@vaadin/vaadin-overlay" "^21.0.4"
    "@vaadin/vaadin-themable-mixin" "^21.0.4"

"@vaadin/vaadin-development-mode-detector@^2.0.0":
  version "2.0.4"
  resolved "https://registry.yarnpkg.com/@vaadin/vaadin-development-mode-detector/-/vaadin-development-mode-detector-2.0.4.tgz#f49c8009856bead92d248377c36b295b5aae78e5"
  integrity sha512-S+PaFrZpK8uBIOnIHxjntTrgumd5ztuCnZww96ydGKXgo9whXfZsbMwDuD/102a/IuPUMyF+dh/n3PbWzJ6igA==

"@vaadin/vaadin-element-mixin@^21.0.4":
  version "21.0.4"
  resolved "https://registry.yarnpkg.com/@vaadin/vaadin-element-mixin/-/vaadin-element-mixin-21.0.4.tgz#5ec9c49086a54ca7c047d082d97e199a9435347a"
  integrity sha512-QXKDhBVR7OL/5KEMmzX18UuVbRo4Ws5Q+ehDpwkY1hNIgpOZ8Gv1MmqrOY0T72e0IbiAHESKIw5pjYWnxkyCfA==
  dependencies:
    "@polymer/polymer" "^3.0.0"
    "@vaadin/vaadin-development-mode-detector" "^2.0.0"
    "@vaadin/vaadin-usage-statistics" "^2.1.0"

"@vaadin/vaadin-icon@^21.0.4":
  version "21.0.4"
  resolved "https://registry.yarnpkg.com/@vaadin/vaadin-icon/-/vaadin-icon-21.0.4.tgz#3a115b90cb82ae3de491d5f3daadabd1ae79f40d"
  integrity sha512-haFB6NIBIHBtP19fwkK5QwTpAYUX5mcNxfrHRlnS0dSGKtHKVWY0Hy0GhJqQkshZA4DnsYBYwY4uI1CwTEDCDw==
  dependencies:
    "@polymer/polymer" "^3.0.0"
    "@vaadin/vaadin-element-mixin" "^21.0.4"
    "@vaadin/vaadin-lumo-styles" "^21.0.4"
    "@vaadin/vaadin-themable-mixin" "^21.0.4"
    lit "^2.0.0"

"@vaadin/vaadin-item@^21.0.4":
  version "21.0.4"
  resolved "https://registry.yarnpkg.com/@vaadin/vaadin-item/-/vaadin-item-21.0.4.tgz#377df78659a15c7f3725db385240fd61efc0f14d"
  integrity sha512-Q9uPCBXBRniulAuhGs2Dvwb/VFSCGZZWUBQhAq5bD426K5CoeTTgILzEDqDYauTQ0GQAFpZ+Ar32kpFHMe1seA==
  dependencies:
    "@polymer/polymer" "^3.0.0"
    "@vaadin/vaadin-element-mixin" "^21.0.4"
    "@vaadin/vaadin-lumo-styles" "^21.0.4"
    "@vaadin/vaadin-material-styles" "^21.0.4"
    "@vaadin/vaadin-themable-mixin" "^21.0.4"

"@vaadin/vaadin-list-box@^21.0.4":
  version "21.0.4"
  resolved "https://registry.yarnpkg.com/@vaadin/vaadin-list-box/-/vaadin-list-box-21.0.4.tgz#377b5355a81a676caa3c49e265ffa451130ade0a"
  integrity sha512-+6zjVk9hU7iJ3nBdEYdxo2GeBCFsj19CvDmF6pFMxKBV2Oiwsc0HTlPZBd4w4KtqM0JHPvNottd6JSk3L4j1Hg==
  dependencies:
    "@polymer/polymer" "^3.0.0"
    "@vaadin/vaadin-element-mixin" "^21.0.4"
    "@vaadin/vaadin-item" "^21.0.4"
    "@vaadin/vaadin-list-mixin" "^21.0.4"
    "@vaadin/vaadin-lumo-styles" "^21.0.4"
    "@vaadin/vaadin-material-styles" "^21.0.4"
    "@vaadin/vaadin-themable-mixin" "^21.0.4"

"@vaadin/vaadin-list-mixin@^21.0.4":
  version "21.0.4"
  resolved "https://registry.yarnpkg.com/@vaadin/vaadin-list-mixin/-/vaadin-list-mixin-21.0.4.tgz#d4e81ffa1339622550ff88082e38fbc88b2f2e31"
  integrity sha512-bNRVCdlIHdRw6G8Q4ghneqP5VQU2jY2U9JlsE8b3Fq8jyHWX5+72DL2iczwkFtsLVyt5bi8nd9Df+kKsD/rfbQ==
  dependencies:
    "@polymer/polymer" "^3.0.0"
    "@vaadin/vaadin-element-mixin" "^21.0.4"

"@vaadin/vaadin-lumo-styles@^21.0.4":
  version "21.0.4"
  resolved "https://registry.yarnpkg.com/@vaadin/vaadin-lumo-styles/-/vaadin-lumo-styles-21.0.4.tgz#f09a742e30a68fc2e5c36c1c2886e067e2bafac2"
  integrity sha512-MuH/ItFaXnF9vHnxyMHLcYf1R9cRuqQ82uotFnulak4efOXb6S12iOdNhppa9ht2TM6ICA77Wx5wLIPw470T7w==
  dependencies:
    "@polymer/iron-icon" "^3.0.0"
    "@polymer/iron-iconset-svg" "^3.0.0"
    "@polymer/polymer" "^3.0.0"
    "@vaadin/vaadin-icon" "^21.0.4"
    "@vaadin/vaadin-themable-mixin" "^21.0.4"

"@vaadin/vaadin-material-styles@^21.0.4":
  version "21.0.4"
  resolved "https://registry.yarnpkg.com/@vaadin/vaadin-material-styles/-/vaadin-material-styles-21.0.4.tgz#4a52a98524eadd417853c63db39be46e7d2907a8"
  integrity sha512-eXrWdLAWdaeIvGo8+yG2aA9Mn8g3pZ5oPISiiciZJGaZu7LiXgCbRdcl4X/q/5sF+2Zp9/a9lq8I+tUr7NHhXw==
  dependencies:
    "@polymer/polymer" "^3.0.0"
    "@vaadin/vaadin-themable-mixin" "^21.0.4"

"@vaadin/vaadin-overlay@^21.0.4":
  version "21.0.4"
  resolved "https://registry.yarnpkg.com/@vaadin/vaadin-overlay/-/vaadin-overlay-21.0.4.tgz#77e673fda742ee2a1f771f3bbd457b88a9820460"
  integrity sha512-nGYi8yh8rCYaZjXRbib3TEEdlxvyO0LjZNCc6YeMlyiCKCpMClccin/AGmBQBXfYRIYf0vSI3pH8KWioDmAjWg==
  dependencies:
    "@polymer/polymer" "^3.0.0"
    "@vaadin/vaadin-element-mixin" "^21.0.4"
    "@vaadin/vaadin-lumo-styles" "^21.0.4"
    "@vaadin/vaadin-material-styles" "^21.0.4"
    "@vaadin/vaadin-themable-mixin" "^21.0.4"

"@vaadin/vaadin-themable-mixin@^21.0.4":
  version "21.0.4"
  resolved "https://registry.yarnpkg.com/@vaadin/vaadin-themable-mixin/-/vaadin-themable-mixin-21.0.4.tgz#65dad5d1470136bb725789d8988575d1f6a87744"
  integrity sha512-MFlEfOsuDjH/52eqwkhRjgY2J38gkyflTSKAVDRA3XWuxZvLbwvkGbpZqLe8Y20jQb/XEk+GGwd1K2pkt02FSQ==
  dependencies:
    "@polymer/polymer" "^3.0.0"
    lit "^2.0.0"

"@vaadin/vaadin-usage-statistics@^2.1.0":
  version "2.1.0"
  resolved "https://registry.yarnpkg.com/@vaadin/vaadin-usage-statistics/-/vaadin-usage-statistics-2.1.0.tgz#9c0fd71dded80f401bcdfbcb3f45b5640fc4256d"
  integrity sha512-e81nbqY5zsaYhLJuOVkJkB/Um1pGK5POIqIlTNhUfjeoyGaJ63tiX8+D5n6F+GgVxUTLUarsKa6SKRcQel0AzA==
  dependencies:
    "@vaadin/vaadin-development-mode-detector" "^2.0.0"

"@webcomponents/shadycss@^1.9.1":
  version "1.10.2"
  resolved "https://registry.yarnpkg.com/@webcomponents/shadycss/-/shadycss-1.10.2.tgz#40e03cab6dc5e12f199949ba2b79e02f183d1e7b"
  integrity sha512-9Iseu8bRtecb0klvv+WXZOVZatsRkbaH7M97Z+f+Pt909R4lDfgUODAnra23DOZTpeMTAkVpf4m/FZztN7Ox1A==

bootstrap@^4.1.3:
  version "4.6.0"
  resolved "https://registry.yarnpkg.com/bootstrap/-/bootstrap-4.6.0.tgz#97b9f29ac98f98dfa43bf7468262d84392552fd7"
  integrity sha512-Io55IuQY3kydzHtbGvQya3H+KorS/M9rSNyfCGCg9WZ4pyT/lCxIlpJgG1GXW/PswzC84Tr2fBYi+7+jFVQQBw==

bowser@^2.11.0:
  version "2.11.0"
  resolved "https://registry.yarnpkg.com/bowser/-/bowser-2.11.0.tgz#5ca3c35757a7aa5771500c70a73a9f91ef420a8f"
  integrity sha512-AlcaJBi/pqqJBIQ8U9Mcpc9i8Aqxn88Skv5d+xBX006BY5u8N3mGLHa5Lgppa7L/HfwgwLgZ6NYs+Ag6uUmJRA==

copy-text-to-clipboard@^3.0.1:
  version "3.0.1"
  resolved "https://registry.yarnpkg.com/copy-text-to-clipboard/-/copy-text-to-clipboard-3.0.1.tgz#8cbf8f90e0a47f12e4a24743736265d157bce69c"
  integrity sha512-rvVsHrpFcL4F2P8ihsoLdFHmd404+CMg71S756oRSeQgqk51U3kicGdnvfkrxva0xXH92SjGS62B0XIJsbh+9Q==

lit-element@^3.0.0:
  version "3.0.2"
  resolved "https://registry.yarnpkg.com/lit-element/-/lit-element-3.0.2.tgz#6422b68ba166a32695f524d6f3eb41712610bf50"
  integrity sha512-9vTJ47D2DSE4Jwhle7aMzEwO2ZcOPRikqfT3CVG7Qol2c9/I4KZwinZNW5Xv8hNm+G/enSSfIwqQhIXi6ioAUg==
  dependencies:
    "@lit/reactive-element" "^1.0.0"
    lit-html "^2.0.0"

lit-html@^2.0.0:
  version "2.0.2"
  resolved "https://registry.yarnpkg.com/lit-html/-/lit-html-2.0.2.tgz#6a17caac4135757710c5fb3e4becc622c476e431"
  integrity sha512-dON7Zg8btb14/fWohQLQBdSgkoiQA4mIUy87evmyJHtxRq7zS6LlC32bT5EPWiof5PUQaDpF45v2OlrxHA5Clg==
  dependencies:
    "@types/trusted-types" "^2.0.2"

lit@^2.0.0:
  version "2.0.2"
  resolved "https://registry.yarnpkg.com/lit/-/lit-2.0.2.tgz#5e6f422924e0732258629fb379556b6d23f7179c"
  integrity sha512-hKA/1YaSB+P+DvKWuR2q1Xzy/iayhNrJ3aveD0OQ9CKn6wUjsdnF/7LavDOJsKP/K5jzW/kXsuduPgRvTFrFJw==
  dependencies:
    "@lit/reactive-element" "^1.0.0"
    lit-element "^3.0.0"
    lit-html "^2.0.0"
