# THIS IS AN AUTOGENERATED FILE. DO NOT EDIT THIS FILE DIRECTLY.
# yarn lockfile v1


"@lit/reactive-element@^1.3.0", "@lit/reactive-element@^1.4.0":
  version "1.4.1"
  resolved "https://registry.yarnpkg.com/@lit/reactive-element/-/reactive-element-1.4.1.tgz#3f587eec5708692135bc9e94cf396130604979f3"
  integrity sha512-qDv4851VFSaBWzpS02cXHclo40jsbAjRXnebNXpm0uVg32kCneZPo9RYVQtrTNICtZ+1wAYHu1ZtxWSWMbKrBw==

"@open-wc/dedupe-mixin@^1.3.0":
  version "1.3.1"
  resolved "https://registry.yarnpkg.com/@open-wc/dedupe-mixin/-/dedupe-mixin-1.3.1.tgz#5c1a1eeb0386b344290ebe3f1fca0c4869933dbf"
  integrity sha512-ukowSvzpZQDUH0Y3znJTsY88HkiGk3Khc0WGpIPhap1xlerieYi27QBg6wx/nTurpWfU6XXXsx9ocxDYCdtw0Q==

"@polymer/iron-flex-layout@^3.0.0-pre.26":
  version "3.0.1"
  resolved "https://registry.yarnpkg.com/@polymer/iron-flex-layout/-/iron-flex-layout-3.0.1.tgz#36f9e1a8eb792d279b2bc75d362628721ad37f0c"
  integrity sha512-7gB869czArF+HZcPTVSgvA7tXYFze9EKckvM95NB7SqYF+NnsQyhoXgKnpFwGyo95lUjUW9TFDLUwDXnCYFtkw==
  dependencies:
    "@polymer/polymer" "^3.0.0"

"@polymer/iron-icon@^3.0.0":
  version "3.0.1"
  resolved "https://registry.yarnpkg.com/@polymer/iron-icon/-/iron-icon-3.0.1.tgz#93211c39d8825fe4965a68419566036c1df291eb"
  integrity sha512-QLPwirk+UPZNaLnMew9VludXA4CWUCenRewgEcGYwdzVgDPCDbXxy6vRJjmweZobMQv/oVLppT2JZtJFnPxX6g==
  dependencies:
    "@polymer/iron-flex-layout" "^3.0.0-pre.26"
    "@polymer/iron-meta" "^3.0.0-pre.26"
    "@polymer/polymer" "^3.0.0"

"@polymer/iron-iconset-svg@^3.0.0":
  version "3.0.1"
  resolved "https://registry.yarnpkg.com/@polymer/iron-iconset-svg/-/iron-iconset-svg-3.0.1.tgz#568d6e7dbc120299dae63be3600aeba0d30ddbea"
  integrity sha512-XNwURbNHRw6u2fJe05O5fMYye6GSgDlDqCO+q6K1zAnKIrpgZwf2vTkBd5uCcZwsN0FyCB3mvNZx4jkh85dRDw==
  dependencies:
    "@polymer/iron-meta" "^3.0.0-pre.26"
    "@polymer/polymer" "^3.0.0"

"@polymer/iron-meta@^3.0.0-pre.26":
  version "3.0.1"
  resolved "https://registry.yarnpkg.com/@polymer/iron-meta/-/iron-meta-3.0.1.tgz#7f140628d127b0a284f882f1bb323a261bc125f5"
  integrity sha512-pWguPugiLYmWFV9UWxLWzZ6gm4wBwQdDy4VULKwdHCqR7OP7u98h+XDdGZsSlDPv6qoryV/e3tGHlTIT0mbzJA==
  dependencies:
    "@polymer/polymer" "^3.0.0"

"@polymer/polymer@^3.0.0":
  version "3.4.1"
  resolved "https://registry.yarnpkg.com/@polymer/polymer/-/polymer-3.4.1.tgz#333bef25711f8411bb5624fb3eba8212ef8bee96"
  integrity sha512-KPWnhDZibtqKrUz7enIPOiO4ZQoJNOuLwqrhV2MXzIt3VVnUVJVG5ORz4Z2sgO+UZ+/UZnPD0jqY+jmw/+a9mQ==
  dependencies:
    "@webcomponents/shadycss" "^1.9.1"

"@types/trusted-types@^2.0.2":
  version "2.0.2"
  resolved "https://registry.yarnpkg.com/@types/trusted-types/-/trusted-types-2.0.2.tgz#fc25ad9943bcac11cceb8168db4f275e0e72e756"
  integrity sha512-F5DIZ36YVLE+PN+Zwws4kJogq47hNgX3Nx6WyDJ3kcplxyke3XIzB8uK5n/Lpm1HBsbGzd6nmGehL8cPekP+Tg==

"@vaadin/component-base@~23.2.5":
  version "23.2.5"
  resolved "https://registry.yarnpkg.com/@vaadin/component-base/-/component-base-23.2.5.tgz#5806cdec879663077aa3f698f9502ef2787d55ab"
  integrity sha512-x61GJcbFPtb7Dj/uefotRzPvTnFxXjNRo6RByKSDLK0s4+1L2vKEC/BLJgIYMtHAlkNST5jSEGxXByVBcg0Gcw==
  dependencies:
    "@open-wc/dedupe-mixin" "^1.3.0"
    "@polymer/polymer" "^3.0.0"
    "@vaadin/vaadin-development-mode-detector" "^2.0.0"
    "@vaadin/vaadin-usage-statistics" "^2.1.0"
    lit "^2.0.0"

"@vaadin/context-menu@~23.2.5":
  version "23.2.5"
  resolved "https://registry.yarnpkg.com/@vaadin/context-menu/-/context-menu-23.2.5.tgz#bd7bf20a2aaa44f425e872308554d5f6a720f4d8"
  integrity sha512-1LD6ARpVcSvjj4JIGjfN7YDey28HJLAOpxRSs1R7r/t7b+G0NGfn9fO7sEfMITZOewnAQcN1UT0k+MEJMh2gjw==
  dependencies:
    "@open-wc/dedupe-mixin" "^1.3.0"
    "@polymer/polymer" "^3.0.0"
    "@vaadin/component-base" "~23.2.5"
    "@vaadin/item" "~23.2.5"
    "@vaadin/list-box" "~23.2.5"
    "@vaadin/lit-renderer" "~23.2.5"
    "@vaadin/vaadin-lumo-styles" "~23.2.5"
    "@vaadin/vaadin-material-styles" "~23.2.5"
    "@vaadin/vaadin-overlay" "~23.2.5"
    "@vaadin/vaadin-themable-mixin" "~23.2.5"

"@vaadin/icon@~23.2.5":
  version "23.2.5"
  resolved "https://registry.yarnpkg.com/@vaadin/icon/-/icon-23.2.5.tgz#a1a01457113ce1f89c3ec6ea3f03c91a67df1ee7"
  integrity sha512-KoOGTSVq4WSI1Ly9NxWO7UFj60ap9sdqwqOrx1AT2Sh28slq3C8qTx0hA5ohAIlurFGptrqDRMIGBBURaSk53A==
  dependencies:
    "@polymer/polymer" "^3.0.0"
    "@vaadin/component-base" "~23.2.5"
    "@vaadin/vaadin-lumo-styles" "~23.2.5"
    "@vaadin/vaadin-themable-mixin" "~23.2.5"
    lit "^2.0.0"

"@vaadin/item@~23.2.5":
  version "23.2.5"
  resolved "https://registry.yarnpkg.com/@vaadin/item/-/item-23.2.5.tgz#06b1e21bf571d0a79a425e2188ab4bd40cfa16cc"
  integrity sha512-w0tG79KNXJiC/LPcxduct8p8SKoZqBQcvN2bfOIrX2/OOZ1nbDglBimF3uej6hUw/5lwzAXai1QJIXDc9jL91w==
  dependencies:
    "@open-wc/dedupe-mixin" "^1.3.0"
    "@polymer/polymer" "^3.0.0"
    "@vaadin/component-base" "~23.2.5"
    "@vaadin/vaadin-lumo-styles" "~23.2.5"
    "@vaadin/vaadin-material-styles" "~23.2.5"
    "@vaadin/vaadin-themable-mixin" "~23.2.5"

"@vaadin/list-box@~23.2.5":
  version "23.2.5"
  resolved "https://registry.yarnpkg.com/@vaadin/list-box/-/list-box-23.2.5.tgz#8032af610a368e58889bde9f283a080996100ffb"
  integrity sha512-QzMQ2ahiLmbL9fH2Hcjl7NRFulAqljVkUh62349Ph1Qub2HWmOfV4xb233UeI7NVd5j73HYtv2AySnco4XJ6eA==
  dependencies:
    "@polymer/polymer" "^3.0.0"
    "@vaadin/component-base" "~23.2.5"
    "@vaadin/item" "~23.2.5"
    "@vaadin/vaadin-list-mixin" "~23.2.5"
    "@vaadin/vaadin-lumo-styles" "~23.2.5"
    "@vaadin/vaadin-material-styles" "~23.2.5"
    "@vaadin/vaadin-themable-mixin" "~23.2.5"

"@vaadin/lit-renderer@~23.2.5":
  version "23.2.5"
  resolved "https://registry.yarnpkg.com/@vaadin/lit-renderer/-/lit-renderer-23.2.5.tgz#c4a60e9aac5b0dd0bdfb4d33e2cc392506c445d8"
  integrity sha512-Wm2WAMHS3nvYervAVs4Sbu/PBbVqB73E/CXOhUd3Oo3zb9Mrl5rkXZBMtlVhpkwYE7ZU2swSuBdHDg+X9l2YpQ==
  dependencies:
    lit "^2.0.0"

"@vaadin/vaadin-context-menu@^23.2.5":
  version "23.2.5"
  resolved "https://registry.yarnpkg.com/@vaadin/vaadin-context-menu/-/vaadin-context-menu-23.2.5.tgz#f23dcc88fad213edc5013744764cccc2c8ff778d"
  integrity sha512-hc5wzbs+ZsUFgKZbWgGAnqMjre/adfq2ggky3njOxC9o8bZyfRCSoTsTduqO8WdTsNjJ/cOMt+0PiVANfw9yTA==
  dependencies:
    "@vaadin/context-menu" "~23.2.5"

"@vaadin/vaadin-development-mode-detector@^2.0.0":
  version "2.0.4"
  resolved "https://registry.yarnpkg.com/@vaadin/vaadin-development-mode-detector/-/vaadin-development-mode-detector-2.0.4.tgz#f49c8009856bead92d248377c36b295b5aae78e5"
  integrity sha512-S+PaFrZpK8uBIOnIHxjntTrgumd5ztuCnZww96ydGKXgo9whXfZsbMwDuD/102a/IuPUMyF+dh/n3PbWzJ6igA==

"@vaadin/vaadin-list-mixin@~23.2.5":
  version "23.2.5"
  resolved "https://registry.yarnpkg.com/@vaadin/vaadin-list-mixin/-/vaadin-list-mixin-23.2.5.tgz#527934aa81b7f5db98c64b5b3bc2cc8ecfda0334"
  integrity sha512-MYkoR+qSDzcuHeut7H5Pk95ye1vFtBhMCOUcbx4iyIA61Vd9eYJ4bfM+pTlj+8/pY6d2tHSXVo58gb6fj3HO/g==
  dependencies:
    "@open-wc/dedupe-mixin" "^1.3.0"
    "@polymer/polymer" "^3.0.0"
    "@vaadin/component-base" "~23.2.5"

"@vaadin/vaadin-lumo-styles@~23.2.5":
  version "23.2.5"
  resolved "https://registry.yarnpkg.com/@vaadin/vaadin-lumo-styles/-/vaadin-lumo-styles-23.2.5.tgz#97e8b7c2cab13a9ac725a1899c446a04ffee503b"
  integrity sha512-cCVzUI0vaW5wASfd7JQkFilZ4OUIHc+ktQWRbkDTzmEJ/Bf9beGG9WnX30G0qUFva/UQXxjfOo3ClTEfNiBBvQ==
  dependencies:
    "@polymer/iron-icon" "^3.0.0"
    "@polymer/iron-iconset-svg" "^3.0.0"
    "@polymer/polymer" "^3.0.0"
    "@vaadin/icon" "~23.2.5"
    "@vaadin/vaadin-themable-mixin" "~23.2.5"

"@vaadin/vaadin-material-styles@~23.2.5":
  version "23.2.5"
  resolved "https://registry.yarnpkg.com/@vaadin/vaadin-material-styles/-/vaadin-material-styles-23.2.5.tgz#a7964ab67d0571a4e13b9c17cbac601b879a8d1d"
  integrity sha512-AxSw14/kfX3gDOg6bGJfdDcbWuEcQZ2XMdsiQACX3K6fSnq4/C7ir+8F7ZuSrBB7qv50mMQJFxfaYvjf7D4PPA==
  dependencies:
    "@polymer/polymer" "^3.0.0"
    "@vaadin/vaadin-themable-mixin" "~23.2.5"

"@vaadin/vaadin-overlay@~23.2.5":
  version "23.2.5"
  resolved "https://registry.yarnpkg.com/@vaadin/vaadin-overlay/-/vaadin-overlay-23.2.5.tgz#c402a1e6095a2caf3c34cd7d1ad0d5e5bbc9553f"
  integrity sha512-bSzJP4pkipYwNggiBDBvtdGOY6/JLv87lfQZvD7z9a7ibHb3HgD0kY4wt+Vjq95o2JJ7jsIdC6NlmWKvVoPD1Q==
  dependencies:
    "@polymer/polymer" "^3.0.0"
    "@vaadin/component-base" "~23.2.5"
    "@vaadin/vaadin-lumo-styles" "~23.2.5"
    "@vaadin/vaadin-material-styles" "~23.2.5"
    "@vaadin/vaadin-themable-mixin" "~23.2.5"

"@vaadin/vaadin-themable-mixin@~23.2.5":
  version "23.2.5"
  resolved "https://registry.yarnpkg.com/@vaadin/vaadin-themable-mixin/-/vaadin-themable-mixin-23.2.5.tgz#4aa1161edb335874856d7a4139ea9668cdef72cd"
  integrity sha512-3cHrW4jc2wkOWEy7AwxI01lrT46557uJqnuXz2NxmaeuAq9TGX8gDRDr0SR0r/MDT4ZlKlY/flRtPB9IYMBDFQ==
  dependencies:
    "@open-wc/dedupe-mixin" "^1.3.0"
    lit "^2.0.0"

"@vaadin/vaadin-usage-statistics@^2.1.0":
  version "2.1.0"
  resolved "https://registry.yarnpkg.com/@vaadin/vaadin-usage-statistics/-/vaadin-usage-statistics-2.1.0.tgz#9c0fd71dded80f401bcdfbcb3f45b5640fc4256d"
  integrity sha512-e81nbqY5zsaYhLJuOVkJkB/Um1pGK5POIqIlTNhUfjeoyGaJ63tiX8+D5n6F+GgVxUTLUarsKa6SKRcQel0AzA==
  dependencies:
    "@vaadin/vaadin-development-mode-detector" "^2.0.0"

"@webcomponents/shadycss@^1.9.1":
  version "1.10.2"
  resolved "https://registry.yarnpkg.com/@webcomponents/shadycss/-/shadycss-1.10.2.tgz#40e03cab6dc5e12f199949ba2b79e02f183d1e7b"
  integrity sha512-9Iseu8bRtecb0klvv+WXZOVZatsRkbaH7M97Z+f+Pt909R4lDfgUODAnra23DOZTpeMTAkVpf4m/FZztN7Ox1A==

bootstrap@^4.1.3:
  version "4.6.0"
  resolved "https://registry.yarnpkg.com/bootstrap/-/bootstrap-4.6.0.tgz#97b9f29ac98f98dfa43bf7468262d84392552fd7"
  integrity sha512-Io55IuQY3kydzHtbGvQya3H+KorS/M9rSNyfCGCg9WZ4pyT/lCxIlpJgG1GXW/PswzC84Tr2fBYi+7+jFVQQBw==

bowser@^2.11.0:
  version "2.11.0"
  resolved "https://registry.yarnpkg.com/bowser/-/bowser-2.11.0.tgz#5ca3c35757a7aa5771500c70a73a9f91ef420a8f"
  integrity sha512-AlcaJBi/pqqJBIQ8U9Mcpc9i8Aqxn88Skv5d+xBX006BY5u8N3mGLHa5Lgppa7L/HfwgwLgZ6NYs+Ag6uUmJRA==

copy-text-to-clipboard@^3.0.1:
  version "3.0.1"
  resolved "https://registry.yarnpkg.com/copy-text-to-clipboard/-/copy-text-to-clipboard-3.0.1.tgz#8cbf8f90e0a47f12e4a24743736265d157bce69c"
  integrity sha512-rvVsHrpFcL4F2P8ihsoLdFHmd404+CMg71S756oRSeQgqk51U3kicGdnvfkrxva0xXH92SjGS62B0XIJsbh+9Q==

lit-element@^3.2.0:
  version "3.2.2"
  resolved "https://registry.yarnpkg.com/lit-element/-/lit-element-3.2.2.tgz#d148ab6bf4c53a33f707a5168e087725499e5f2b"
  integrity sha512-6ZgxBR9KNroqKb6+htkyBwD90XGRiqKDHVrW/Eh0EZ+l+iC+u+v+w3/BA5NGi4nizAVHGYvQBHUDuSmLjPp7NQ==
  dependencies:
    "@lit/reactive-element" "^1.3.0"
    lit-html "^2.2.0"

lit-html@^2.2.0, lit-html@^2.4.0:
  version "2.4.0"
  resolved "https://registry.yarnpkg.com/lit-html/-/lit-html-2.4.0.tgz#b510430f39a56ec959167ed1187241a4e3ab1574"
  integrity sha512-G6qXu4JNUpY6aaF2VMfaszhO9hlWw0hOTRFDmuMheg/nDYGB+2RztUSOyrzALAbr8Nh0Y7qjhYkReh3rPnplVg==
  dependencies:
    "@types/trusted-types" "^2.0.2"

lit@^2.0.0:
  version "2.4.0"
  resolved "https://registry.yarnpkg.com/lit/-/lit-2.4.0.tgz#e33a0f463e17408f6e7f71464e6a266e60a5bb77"
  integrity sha512-fdgzxEtLrZFQU/BqTtxFQCLwlZd9bdat+ltzSFjvWkZrs7eBmeX0L5MHUMb3kYIkuS8Xlfnii/iI5klirF8/Xg==
  dependencies:
    "@lit/reactive-element" "^1.4.0"
    lit-element "^3.2.0"
    lit-html "^2.4.0"
