# THIS IS AN AUTOGENERATED FILE. DO NOT EDIT THIS FILE DIRECTLY.
# yarn lockfile v1


"@types/node@12.0.8":
  version "12.0.8"
  resolved "https://registry.yarnpkg.com/@types/node/-/node-12.0.8.tgz#551466be11b2adc3f3d47156758f610bd9f6b1d8"
  integrity sha512-b8bbUOTwzIY3V5vDTY1fIJ+ePKDUBqt2hC2woVGotdQQhG/2Sh62HOKHrT7ab+VerXAcPyAiTEipPu/FsreUtg==

"@types/webpack-env@^1.13.0":
  version "1.13.9"
  resolved "https://registry.yarnpkg.com/@types/webpack-env/-/webpack-env-1.13.9.tgz#a67287861c928ebf4159a908d1fb1a2a34d4097a"
  integrity sha512-p8zp5xqkly3g4cCmo2mKOHI9+Z/kObmDj0BmjbDDJQlgDTiEGTbm17MEwTAusV6XceCy+bNw9q/ZHXHyKo3zkg==
