# THIS IS AN AUTOGENERATED FILE. DO NOT EDIT THIS FILE DIRECTLY.
# yarn lockfile v1


"@types/node@12.0.4":
  version "12.0.4"
  resolved "https://registry.yarnpkg.com/@types/node/-/node-12.0.4.tgz#46832183115c904410c275e34cf9403992999c32"
  integrity sha512-j8YL2C0fXq7IONwl/Ud5Kt0PeXw22zGERt+HSSnwbKOJVsAGkEz3sFCYwaF9IOuoG1HOtE0vKCj6sXF7Q0+Vaw==

"@types/webpack-env@^1.13.0":
  version "1.13.9"
  resolved "https://registry.yarnpkg.com/@types/webpack-env/-/webpack-env-1.13.9.tgz#a67287861c928ebf4159a908d1fb1a2a34d4097a"
  integrity sha512-p8zp5xqkly3g4cCmo2mKOHI9+Z/kObmDj0BmjbDDJQlgDTiEGTbm17MEwTAusV6XceCy+bNw9q/ZHXHyKo3zkg==
