# THIS IS AN AUTOGENERATED FILE. DO NOT EDIT THIS FILE DIRECTLY.
# yarn lockfile v1


"@types/deep-equal@^1.0.0":
  version "1.0.1"
  resolved "https://registry.yarnpkg.com/@types/deep-equal/-/deep-equal-1.0.1.tgz#71cfabb247c22bcc16d536111f50c0ed12476b03"
  integrity sha512-mMUu4nWHLBlHtxXY17Fg6+ucS/MnndyOWyOe7MmwkoMYxvfQU2ajtRaEvqSUv+aVkMqH/C0NCI8UoVfRNQ10yg==

ansi-colors@^4.1.1:
  version "4.1.1"
  resolved "https://registry.yarnpkg.com/ansi-colors/-/ansi-colors-4.1.1.tgz#cbb9ae256bf750af1eab344f229aa27fe94ba348"
  integrity sha512-JoX0apGbHaUJBNl6yF+p6JAFYZ666/hhCGKN5t9QFjbJQKUU/g8MNbFDbvfrgKXvI1QpZplPOnwIo99lX/AAmA==

any-promise@^1.0.0:
  version "1.3.0"
  resolved "https://registry.yarnpkg.com/any-promise/-/any-promise-1.3.0.tgz#abc6afeedcea52e809cdc0376aed3ce39635d17f"
  integrity sha1-q8av7tzqUugJzcA3au0845Y10X8=

connected-domain@^1.0.0:
  version "1.0.0"
  resolved "https://registry.yarnpkg.com/connected-domain/-/connected-domain-1.0.0.tgz#bfe77238c74be453a79f0cb6058deeb4f2358e93"
  integrity sha1-v+dyOMdL5FOnnwy2BY3utPI1jpM=

crc-32@^1.1.1:
  version "1.2.0"
  resolved "https://registry.yarnpkg.com/crc-32/-/crc-32-1.2.0.tgz#cb2db6e29b88508e32d9dd0ec1693e7b41a18208"
  integrity sha512-1uBwHxF+Y/4yF5G48fwnKq6QsIXheor3ZLPT80yGBV1oEUwpPojlEhQbWKVw1VwcTQyMGHK1/XMmTjmlsmTTGA==
  dependencies:
    exit-on-epipe "~1.0.1"
    printj "~1.1.0"

dataurl@0.1.0:
  version "0.1.0"
  resolved "https://registry.yarnpkg.com/dataurl/-/dataurl-0.1.0.tgz#1f4734feddec05ffe445747978d86759c4b33199"
  integrity sha1-H0c0/t3sBf/kRXR5eNhnWcSzMZk=

deep-equal@1.1.0:
  version "1.1.0"
  resolved "https://registry.yarnpkg.com/deep-equal/-/deep-equal-1.1.0.tgz#3103cdf8ab6d32cf4a8df7865458f2b8d33f3745"
  integrity sha512-ZbfWJq/wN1Z273o7mUSjILYqehAktR2NVoSrOukDkU9kg2v/Uv89yU4Cvz8seJeAmtN5oqiefKq8FPuXOboqLw==
  dependencies:
    is-arguments "^1.0.4"
    is-date-object "^1.0.1"
    is-regex "^1.0.4"
    object-is "^1.0.1"
    object-keys "^1.1.1"
    regexp.prototype.flags "^1.2.0"

define-properties@^1.1.2:
  version "1.1.3"
  resolved "https://registry.yarnpkg.com/define-properties/-/define-properties-1.1.3.tgz#cf88da6cbee26fe6db7094f61d870cbd84cee9f1"
  integrity sha512-3MqfYKj2lLzdMSf8ZIZE/V+Zuy+BgD6f164e8K2w7dgnpKArBDerGYpM46IYYcjnkdPNMjPk9A6VFB8+3SKlXQ==
  dependencies:
    object-keys "^1.0.12"

exit-on-epipe@~1.0.1:
  version "1.0.1"
  resolved "https://registry.yarnpkg.com/exit-on-epipe/-/exit-on-epipe-1.0.1.tgz#0bdd92e87d5285d267daa8171d0eb06159689692"
  integrity sha512-h2z5mrROTxce56S+pnvAV890uu7ls7f1kEvVGJbw1OlFH3/mlJ5bkXu0KRyW94v37zzHPiUd55iLn3DA7TjWpw==

font-finder@^1.0.3, font-finder@^1.0.4:
  version "1.0.4"
  resolved "https://registry.yarnpkg.com/font-finder/-/font-finder-1.0.4.tgz#2ca944954dd8d0e1b5bdc4c596cc08607761d89b"
  integrity sha512-naF16RpjWUTFLqzhmdivYpBCrqySN6PI+a4GPtoEsCdvOpbKYTGeTjO7mxh3Wwjz4xKU+Oqx9kwOcteLDeMFQA==
  dependencies:
    get-system-fonts "^2.0.0"
    promise-stream-reader "^1.0.1"

font-ligatures@^1.3.3:
  version "1.3.3"
  resolved "https://registry.yarnpkg.com/font-ligatures/-/font-ligatures-1.3.3.tgz#63fff18dc8adb3a11fe5eec1f4e8d7edfa8075b9"
  integrity sha512-NSGpHgVNX81M7AWS1XylK1UZbN3QllfUIDAAuPv6TUcl5O2b781JcKS5L2RopAU0AqlTyX3ZuX/04eaMpbVrHA==
  dependencies:
    font-finder "^1.0.3"
    lru-cache "^4.1.3"
    opentype.js "^0.8.0"

function-bind@^1.1.1:
  version "1.1.1"
  resolved "https://registry.yarnpkg.com/function-bind/-/function-bind-1.1.1.tgz#a56899d3ea3c9bab874bb9773b7c5ede92f4895d"
  integrity sha512-yIovAzMX49sF8Yl58fSCWJ5svSLuaibPxXQJFLmBObTuCr0Mf1KiPopGM9NiFjiYBCbfaa2Fh6breQ6ANVTI0A==

get-system-fonts@^2.0.0:
  version "2.0.0"
  resolved "https://registry.yarnpkg.com/get-system-fonts/-/get-system-fonts-2.0.0.tgz#a43b9a33f05c0715a60176d2aad5ce6e98f0a3c6"
  integrity sha512-iiM/DavyF2nnLdELzPBSHojzQJVai9WiwrRzn5gp2dutJuerC8qHyBoh4lxfVdKGbnb9eZ4p8Oefbuc3yExB7Q==

has@^1.0.1:
  version "1.0.3"
  resolved "https://registry.yarnpkg.com/has/-/has-1.0.3.tgz#722d7cbfc1f6aa8241f16dd814e011e1f41e8796"
  integrity sha512-f2dvO0VU6Oej7RkWJGrehjbzMAjFp5/VKPp5tTpWIV4JHHZK1/BxbFRtf/siA2SWTe09caDmVtYYzWEIbBS4zw==
  dependencies:
    function-bind "^1.1.1"

hterm-umdjs@1.4.1:
  version "1.4.1"
  resolved "https://registry.yarnpkg.com/hterm-umdjs/-/hterm-umdjs-1.4.1.tgz#0cd5352eaf927c70b83c36146cf2c2a281dba957"
  integrity sha512-r5JOmdDK1bZCmp3cKcuGRLVeum33H+pzD119ZxmQou+QUVe6SAVSz03HvKWVhM2Ao1Biv+fkhFDmnsaRPq0tFg==

is-arguments@^1.0.4:
  version "1.0.4"
  resolved "https://registry.yarnpkg.com/is-arguments/-/is-arguments-1.0.4.tgz#3faf966c7cba0ff437fb31f6250082fcf0448cf3"
  integrity sha512-xPh0Rmt8NE65sNzvyUmWgI1tz3mKq74lGA0mL8LYZcoIzKOzDh6HmrYm3d18k60nHerC8A9Km8kYu87zfSFnLA==

is-date-object@^1.0.1:
  version "1.0.1"
  resolved "https://registry.yarnpkg.com/is-date-object/-/is-date-object-1.0.1.tgz#9aa20eb6aeebbff77fbd33e74ca01b33581d3a16"
  integrity sha1-mqIOtq7rv/d/vTPnTKAbM1gdOhY=

is-regex@^1.0.4:
  version "1.0.4"
  resolved "https://registry.yarnpkg.com/is-regex/-/is-regex-1.0.4.tgz#5517489b547091b0930e095654ced25ee97e9491"
  integrity sha1-VRdIm1RwkbCTDglWVM7SXul+lJE=
  dependencies:
    has "^1.0.1"

lru-cache@^4.1.3:
  version "4.1.5"
  resolved "https://registry.yarnpkg.com/lru-cache/-/lru-cache-4.1.5.tgz#8bbe50ea85bed59bc9e33dcab8235ee9bcf443cd"
  integrity sha512-sWZlbEP2OsHNkXrMl5GYk/jKk70MBng6UU4YI/qGDYbgf6YbP4EvmqISbXCoJiRKs+1bSpFHVgQxvJ17F2li5g==
  dependencies:
    pseudomap "^1.0.2"
    yallist "^2.1.2"

mz@^2.6.0:
  version "2.7.0"
  resolved "https://registry.yarnpkg.com/mz/-/mz-2.7.0.tgz#95008057a56cafadc2bc63dde7f9ff6955948e32"
  integrity sha512-z81GNO7nnYMEhrGh9LeymoE4+Yr0Wn5McHIZMK5cfQCl+NDX08sCZgUc9/6MHni9IWuFLm1Z3HTCXu2z9fN62Q==
  dependencies:
    any-promise "^1.0.0"
    object-assign "^4.0.1"
    thenify-all "^1.0.0"

object-assign@^4.0.1:
  version "4.1.1"
  resolved "https://registry.yarnpkg.com/object-assign/-/object-assign-4.1.1.tgz#2109adc7965887cfc05cbbd442cac8bfbb360863"
  integrity sha1-IQmtx5ZYh8/AXLvUQsrIv7s2CGM=

object-is@^1.0.1:
  version "1.0.1"
  resolved "https://registry.yarnpkg.com/object-is/-/object-is-1.0.1.tgz#0aa60ec9989a0b3ed795cf4d06f62cf1ad6539b6"
  integrity sha1-CqYOyZiaCz7Xlc9NBvYs8a1lObY=

object-keys@^1.0.12, object-keys@^1.1.1:
  version "1.1.1"
  resolved "https://registry.yarnpkg.com/object-keys/-/object-keys-1.1.1.tgz#1c47f272df277f3b1daf061677d9c82e2322c60e"
  integrity sha512-NuAESUOUMrlIXOfHKzD6bpPu3tYt3xvjNdRIQ+FeT0lNb4K8WR70CaDxhuNguS2XG+GjkyMwOzsN5ZktImfhLA==

opentype.js@^0.8.0:
  version "0.8.0"
  resolved "https://registry.yarnpkg.com/opentype.js/-/opentype.js-0.8.0.tgz#acabcfa1642fbe894a3e4d759e43ba694e02bd35"
  integrity sha1-rKvPoWQvvolKPk11nkO6aU4CvTU=
  dependencies:
    tiny-inflate "^1.0.2"

printj@~1.1.0:
  version "1.1.2"
  resolved "https://registry.yarnpkg.com/printj/-/printj-1.1.2.tgz#d90deb2975a8b9f600fb3a1c94e3f4c53c78a222"
  integrity sha512-zA2SmoLaxZyArQTOPj5LXecR+RagfPSU5Kw1qP+jkWeNlrq+eJZyY2oS68SU1Z/7/myXM4lo9716laOFAVStCQ==

promise-stream-reader@^1.0.1:
  version "1.0.1"
  resolved "https://registry.yarnpkg.com/promise-stream-reader/-/promise-stream-reader-1.0.1.tgz#4e793a79c9d49a73ccd947c6da9c127f12923649"
  integrity sha512-Tnxit5trUjBAqqZCGWwjyxhmgMN4hGrtpW3Oc/tRI4bpm/O2+ej72BB08l6JBnGQgVDGCLvHFGjGgQS6vzhwXg==

ps-node@^0.1.6:
  version "0.1.6"
  resolved "https://registry.yarnpkg.com/ps-node/-/ps-node-0.1.6.tgz#9af67a99d7b1d0132e51a503099d38a8d2ace2c3"
  integrity sha1-mvZ6mdex0BMuUaUDCZ04qNKs4sM=
  dependencies:
    table-parser "^0.1.3"

pseudomap@^1.0.2:
  version "1.0.2"
  resolved "https://registry.yarnpkg.com/pseudomap/-/pseudomap-1.0.2.tgz#f052a28da70e618917ef0a8ac34c1ae5a68286b3"
  integrity sha1-8FKijacOYYkX7wqKw0wa5aaChrM=

regexp.prototype.flags@^1.2.0:
  version "1.2.0"
  resolved "https://registry.yarnpkg.com/regexp.prototype.flags/-/regexp.prototype.flags-1.2.0.tgz#6b30724e306a27833eeb171b66ac8890ba37e41c"
  integrity sha512-ztaw4M1VqgMwl9HlPpOuiYgItcHlunW0He2fE6eNfT6E/CF2FtYi9ofOYe4mKntstYk0Fyh/rDRBdS3AnxjlrA==
  dependencies:
    define-properties "^1.1.2"

runes@^0.4.2:
  version "0.4.3"
  resolved "https://registry.yarnpkg.com/runes/-/runes-0.4.3.tgz#32f7738844bc767b65cc68171528e3373c7bb355"
  integrity sha512-K6p9y4ZyL9wPzA+PMDloNQPfoDGTiFYDvdlXznyGKgD10BJpcAosvATKrExRKOrNLgD8E7Um7WGW0lxsnOuNLg==

slugify@^1.4.0:
  version "1.4.0"
  resolved "https://registry.yarnpkg.com/slugify/-/slugify-1.4.0.tgz#c9557c653c54b0c7f7a8e786ef3431add676d2cb"
  integrity sha512-FtLNsMGBSRB/0JOE2A0fxlqjI6fJsgHGS13iTuVT28kViI4JjUiNqp/vyis0ZXYcMnpR3fzGNkv+6vRlI2GwdQ==

table-parser@^0.1.3:
  version "0.1.3"
  resolved "https://registry.yarnpkg.com/table-parser/-/table-parser-0.1.3.tgz#0441cfce16a59481684c27d1b5a67ff15a43c7b0"
  integrity sha1-BEHPzhallIFoTCfRtaZ/8VpDx7A=
  dependencies:
    connected-domain "^1.0.0"

thenify-all@^1.0.0:
  version "1.6.0"
  resolved "https://registry.yarnpkg.com/thenify-all/-/thenify-all-1.6.0.tgz#1a1918d402d8fc3f98fbf234db0bcc8cc10e9726"
  integrity sha1-GhkY1ALY/D+Y+/I02wvMjMEOlyY=
  dependencies:
    thenify ">= 3.1.0 < 4"

"thenify@>= 3.1.0 < 4":
  version "3.3.0"
  resolved "https://registry.yarnpkg.com/thenify/-/thenify-3.3.0.tgz#e69e38a1babe969b0108207978b9f62b88604839"
  integrity sha1-5p44obq+lpsBCCB5eLn2K4hgSDk=
  dependencies:
    any-promise "^1.0.0"

tiny-inflate@^1.0.2:
  version "1.0.2"
  resolved "https://registry.yarnpkg.com/tiny-inflate/-/tiny-inflate-1.0.2.tgz#93d9decffc8805bd57eae4310f0b745e9b6fb3a7"
  integrity sha1-k9nez/yIBb1X6uQxDwt0Xptvs6c=

xterm-addon-fit@^0.4.0-beta.8:
  version "0.4.0"
  resolved "https://registry.yarnpkg.com/xterm-addon-fit/-/xterm-addon-fit-0.4.0.tgz#06e0c5d0a6aaacfb009ef565efa1c81e93d90193"
  integrity sha512-p4BESuV/g2L6pZzFHpeNLLnep9mp/DkF3qrPglMiucSFtD8iJxtMufEoEJbN8LZwB4i+8PFpFvVuFrGOSpW05w==

xterm-addon-ligatures@^0.4.0-beta.5:
  version "0.4.0-beta.5"
  resolved "https://registry.yarnpkg.com/xterm-addon-ligatures/-/xterm-addon-ligatures-0.4.0-beta.5.tgz#b3592a52a0156f67db6a74af3c1a86ef44b0174e"
  integrity sha512-1IyXJtpz/q1PrHIjz6Baob/FHqGUXaCsU0XOXbVc9xf/ZMrBp+gYI6zFHea9PfaniMCTLRn0oOI4z7SzpHcNVA==
  dependencies:
    font-finder "^1.0.4"
    font-ligatures "^1.3.3"

xterm-addon-search@^0.7.0-beta.2:
  version "0.7.0"
  resolved "https://registry.yarnpkg.com/xterm-addon-search/-/xterm-addon-search-0.7.0.tgz#c929d3e5cbb335e82bff72f158ea82936d9cd4ef"
  integrity sha512-6060evmJJ+tZcjnx33FXaeEHLpuXEa7l9UzUsYfMlCKbu88AbE+5LJocTKCHYd71cwCwb9pjmv/G1o9Rf9Zbcg==

xterm-addon-serialize@^0.3.0:
  version "0.3.0"
  resolved "https://registry.yarnpkg.com/xterm-addon-serialize/-/xterm-addon-serialize-0.3.0.tgz#b4f24089285801bcc5f601791a4cac416d528a6a"
  integrity sha512-g+eGqgvQiON4CCEku0iG53obZxi353wig2XRR75DOoHlPMLrO63kvt2V+OahnJlxCpsWQ1BFu4Q5HquQnS6uvQ==

xterm-addon-unicode11@^0.2.0:
  version "0.2.0"
  resolved "https://registry.yarnpkg.com/xterm-addon-unicode11/-/xterm-addon-unicode11-0.2.0.tgz#9ed0c482b353908bba27778893ca80823382737c"
  integrity sha512-rjFDItPc/IDoSiEnoDFwKroNwLD/7t9vYKENjrcKVZg5tgJuuUj8D4rZtP6iVCjSB1LTLYmUs4L/EmCqIyLR/Q==

xterm-addon-webgl@^0.8.0:
  version "0.8.0"
  resolved "https://registry.yarnpkg.com/xterm-addon-webgl/-/xterm-addon-webgl-0.8.0.tgz#4bc6bb4dbfea5b0d2d7978d6c5cef922d584fb4f"
  integrity sha512-dlpYPsv0C9S6v6+T/h/d/otSbdUTizMJdxvSoS34tUpMOHev6iW7Zqt5KRFqYxl4vCqpDk9Wmhb3fKL3kwX5fQ==

xterm@^4.9.0-beta.7:
  version "4.9.0-beta.7"
  resolved "https://registry.yarnpkg.com/xterm/-/xterm-4.9.0-beta.7.tgz#606b7a8eae77dd1a28c75eb15a4e956daf432dbe"
  integrity sha512-h1XfOqO080kBLRTgnSe3/Pjq/dXxdPBAsXxTQ1hfdC2Emo8QWqu7jrW7/5VAhPnt8XWmyXUeCiAxqM2n40gaAw==

yallist@^2.1.2:
  version "2.1.2"
  resolved "https://registry.yarnpkg.com/yallist/-/yallist-2.1.2.tgz#1c11f9218f076089a47dd512f93c6699a6a81d52"
  integrity sha1-HBH5IY8HYImkfdUS+TxmmaaoHVI=

zmodem.js@^0.1.9:
  version "0.1.9"
  resolved "https://registry.yarnpkg.com/zmodem.js/-/zmodem.js-0.1.9.tgz#8dda36d45091bbdf263819f961d3c1a20223daf7"
  integrity sha512-xixLjW1eML0uiWULsXDInyfwNW9mqESzz7ra+2MWHNG2F5JINEkE5vzF5MigpPcLvrYoHdnehPcJwQZlDph3hQ==
  dependencies:
    crc-32 "^1.1.1"
